// !$*UTF8*$!
{
	archiveVersion = 1;
	classes = {
	};
	objectVersion = 50;
	objects = {

/* Begin PBXBuildFile section */
		29E66450258F7C9E00B27CB2 /* swiftUiCaseApp.swift in Sources */ = {isa = PBXBuildFile; fileRef = 29E6644F258F7C9D00B27CB2 /* swiftUiCaseApp.swift */; };
		29E66452258F7C9E00B27CB2 /* ContentView.swift in Sources */ = {isa = PBXBuildFile; fileRef = 29E66451258F7C9E00B27CB2 /* ContentView.swift */; };
		29E66454258F7CA900B27CB2 /* Assets.xcassets in Resources */ = {isa = PBXBuildFile; fileRef = 29E66453258F7CA900B27CB2 /* Assets.xcassets */; };
		29E66457258F7CA900B27CB2 /* Preview Assets.xcassets in Resources */ = {isa = PBXBuildFile; fileRef = 29E66456258F7CA900B27CB2 /* Preview Assets.xcassets */; };
		29E66462258F7CAB00B27CB2 /* swiftUiCaseTests.swift in Sources */ = {isa = PBXBuildFile; fileRef = 29E66461258F7CAB00B27CB2 /* swiftUiCaseTests.swift */; };
		29E6646D258F7CAB00B27CB2 /* swiftUiCaseUITests.swift in Sources */ = {isa = PBXBuildFile; fileRef = 29E6646C258F7CAB00B27CB2 /* swiftUiCaseUITests.swift */; };
/* End PBXBuildFile section */

/* Begin PBXContainerItemProxy section */
		29E6645E258F7CAB00B27CB2 /* PBXContainerItemProxy */ = {
			isa = PBXContainerItemProxy;
			containerPortal = 29E66444258F7C9D00B27CB2 /* Project object */;
			proxyType = 1;
			remoteGlobalIDString = 29E6644B258F7C9D00B27CB2;
			remoteInfo = swiftUiCase;
		};
		29E66469258F7CAB00B27CB2 /* PBXContainerItemProxy */ = {
			isa = PBXContainerItemProxy;
			containerPortal = 29E66444258F7C9D00B27CB2 /* Project object */;
			proxyType = 1;
			remoteGlobalIDString = 29E6644B258F7C9D00B27CB2;
			remoteInfo = swiftUiCase;
		};
/* End PBXContainerItemProxy section */

/* Begin PBXFileReference section */
		29E6644C258F7C9D00B27CB2 /* swiftUiCase.app */ = {isa = PBXFileReference; explicitFileType = wrapper.application; includeInIndex = 0; path = swiftUiCase.app; sourceTree = BUILT_PRODUCTS_DIR; };
		29E6644F258F7C9D00B27CB2 /* swiftUiCaseApp.swift */ = {isa = PBXFileReference; lastKnownFileType = sourcecode.swift; path = swiftUiCaseApp.swift; sourceTree = "<group>"; };
		29E66451258F7C9E00B27CB2 /* ContentView.swift */ = {isa = PBXFileReference; lastKnownFileType = sourcecode.swift; path = ContentView.swift; sourceTree = "<group>"; };
		29E66453258F7CA900B27CB2 /* Assets.xcassets */ = {isa = PBXFileReference; lastKnownFileType = folder.assetcatalog; path = Assets.xcassets; sourceTree = "<group>"; };
		29E66456258F7CA900B27CB2 /* Preview Assets.xcassets */ = {isa = PBXFileReference; lastKnownFileType = folder.assetcatalog; path = "Preview Assets.xcassets"; sourceTree = "<group>"; };
		29E66458258F7CA900B27CB2 /* Info.plist */ = {isa = PBXFileReference; lastKnownFileType = text.plist.xml; path = Info.plist; sourceTree = "<group>"; };
		29E6645D258F7CAB00B27CB2 /* swiftUiCaseTests.xctest */ = {isa = PBXFileReference; explicitFileType = wrapper.cfbundle; includeInIndex = 0; path = swiftUiCaseTests.xctest; sourceTree = BUILT_PRODUCTS_DIR; };
		29E66461258F7CAB00B27CB2 /* swiftUiCaseTests.swift */ = {isa = PBXFileReference; lastKnownFileType = sourcecode.swift; path = swiftUiCaseTests.swift; sourceTree = "<group>"; };
		29E66463258F7CAB00B27CB2 /* Info.plist */ = {isa = PBXFileReference; lastKnownFileType = text.plist.xml; path = Info.plist; sourceTree = "<group>"; };
		29E66468258F7CAB00B27CB2 /* swiftUiCaseUITests.xctest */ = {isa = PBXFileReference; explicitFileType = wrapper.cfbundle; includeInIndex = 0; path = swiftUiCaseUITests.xctest; sourceTree = BUILT_PRODUCTS_DIR; };
		29E6646C258F7CAB00B27CB2 /* swiftUiCaseUITests.swift */ = {isa = PBXFileReference; lastKnownFileType = sourcecode.swift; path = swiftUiCaseUITests.swift; sourceTree = "<group>"; };
		29E6646E258F7CAB00B27CB2 /* Info.plist */ = {isa = PBXFileReference; lastKnownFileType = text.plist.xml; path = Info.plist; sourceTree = "<group>"; };
/* End PBXFileReference section */

/* Begin PBXFrameworksBuildPhase section */
		29E66449258F7C9D00B27CB2 /* Frameworks */ = {
			isa = PBXFrameworksBuildPhase;
			buildActionMask = 2147483647;
			files = (
			);
			runOnlyForDeploymentPostprocessing = 0;
		};
		29E6645A258F7CAB00B27CB2 /* Frameworks */ = {
			isa = PBXFrameworksBuildPhase;
			buildActionMask = 2147483647;
			files = (
			);
			runOnlyForDeploymentPostprocessing = 0;
		};
		29E66465258F7CAB00B27CB2 /* Frameworks */ = {
			isa = PBXFrameworksBuildPhase;
			buildActionMask = 2147483647;
			files = (
			);
			runOnlyForDeploymentPostprocessing = 0;
		};
/* End PBXFrameworksBuildPhase section */

/* Begin PBXGroup section */
		29E66443258F7C9D00B27CB2 = {
			isa = PBXGroup;
			children = (
				29E6644E258F7C9D00B27CB2 /* swiftUiCase */,
				29E66460258F7CAB00B27CB2 /* swiftUiCaseTests */,
				29E6646B258F7CAB00B27CB2 /* swiftUiCaseUITests */,
				29E6644D258F7C9D00B27CB2 /* Products */,
			);
			sourceTree = "<group>";
		};
		29E6644D258F7C9D00B27CB2 /* Products */ = {
			isa = PBXGroup;
			children = (
				29E6644C258F7C9D00B27CB2 /* swiftUiCase.app */,
				29E6645D258F7CAB00B27CB2 /* swiftUiCaseTests.xctest */,
				29E66468258F7CAB00B27CB2 /* swiftUiCaseUITests.xctest */,
			);
			name = Products;
			sourceTree = "<group>";
		};
		29E6644E258F7C9D00B27CB2 /* swiftUiCase */ = {
			isa = PBXGroup;
			children = (
				29E6644F258F7C9D00B27CB2 /* swiftUiCaseApp.swift */,
				29E66451258F7C9E00B27CB2 /* ContentView.swift */,
				29E66453258F7CA900B27CB2 /* Assets.xcassets */,
				29E66458258F7CA900B27CB2 /* Info.plist */,
				29E66455258F7CA900B27CB2 /* Preview Content */,
			);
			path = swiftUiCase;
			sourceTree = "<group>";
		};
		29E66455258F7CA900B27CB2 /* Preview Content */ = {
			isa = PBXGroup;
			children = (
				29E66456258F7CA900B27CB2 /* Preview Assets.xcassets */,
			);
			path = "Preview Content";
			sourceTree = "<group>";
		};
		29E66460258F7CAB00B27CB2 /* swiftUiCaseTests */ = {
			isa = PBXGroup;
			children = (
				29E66461258F7CAB00B27CB2 /* swiftUiCaseTests.swift */,
				29E66463258F7CAB00B27CB2 /* Info.plist */,
			);
			path = swiftUiCaseTests;
			sourceTree = "<group>";
		};
		29E6646B258F7CAB00B27CB2 /* swiftUiCaseUITests */ = {
			isa = PBXGroup;
			children = (
				29E6646C258F7CAB00B27CB2 /* swiftUiCaseUITests.swift */,
				29E6646E258F7CAB00B27CB2 /* Info.plist */,
			);
			path = swiftUiCaseUITests;
			sourceTree = "<group>";
		};
/* End PBXGroup section */

/* Begin PBXNativeTarget section */
		29E6644B258F7C9D00B27CB2 /* swiftUiCase */ = {
			isa = PBXNativeTarget;
			buildConfigurationList = 29E66471258F7CAB00B27CB2 /* Build configuration list for PBXNativeTarget "swiftUiCase" */;
			buildPhases = (
				29E66448258F7C9D00B27CB2 /* Sources */,
				29E66449258F7C9D00B27CB2 /* Frameworks */,
				29E6644A258F7C9D00B27CB2 /* Resources */,
			);
			buildRules = (
			);
			dependencies = (
			);
			name = swiftUiCase;
			productName = swiftUiCase;
			productReference = 29E6644C258F7C9D00B27CB2 /* swiftUiCase.app */;
			productType = "com.apple.product-type.application";
		};
		29E6645C258F7CAB00B27CB2 /* swiftUiCaseTests */ = {
			isa = PBXNativeTarget;
			buildConfigurationList = 29E66474258F7CAB00B27CB2 /* Build configuration list for PBXNativeTarget "swiftUiCaseTests" */;
			buildPhases = (
				29E66459258F7CAB00B27CB2 /* Sources */,
				29E6645A258F7CAB00B27CB2 /* Frameworks */,
				29E6645B258F7CAB00B27CB2 /* Resources */,
			);
			buildRules = (
			);
			dependencies = (
				29E6645F258F7CAB00B27CB2 /* PBXTargetDependency */,
			);
			name = swiftUiCaseTests;
			productName = swiftUiCaseTests;
			productReference = 29E6645D258F7CAB00B27CB2 /* swiftUiCaseTests.xctest */;
			productType = "com.apple.product-type.bundle.unit-test";
		};
		29E66467258F7CAB00B27CB2 /* swiftUiCaseUITests */ = {
			isa = PBXNativeTarget;
			buildConfigurationList = 29E66477258F7CAB00B27CB2 /* Build configuration list for PBXNativeTarget "swiftUiCaseUITests" */;
			buildPhases = (
				29E66464258F7CAB00B27CB2 /* Sources */,
				29E66465258F7CAB00B27CB2 /* Frameworks */,
				29E66466258F7CAB00B27CB2 /* Resources */,
			);
			buildRules = (
			);
			dependencies = (
				29E6646A258F7CAB00B27CB2 /* PBXTargetDependency */,
			);
			name = swiftUiCaseUITests;
			productName = swiftUiCaseUITests;
			productReference = 29E66468258F7CAB00B27CB2 /* swiftUiCaseUITests.xctest */;
			productType = "com.apple.product-type.bundle.ui-testing";
		};
/* End PBXNativeTarget section */

/* Begin PBXProject section */
		29E66444258F7C9D00B27CB2 /* Project object */ = {
			isa = PBXProject;
			attributes = {
				LastSwiftUpdateCheck = 1220;
				LastUpgradeCheck = 1220;
				TargetAttributes = {
					29E6644B258F7C9D00B27CB2 = {
						CreatedOnToolsVersion = 12.2;
					};
					29E6645C258F7CAB00B27CB2 = {
						CreatedOnToolsVersion = 12.2;
						TestTargetID = 29E6644B258F7C9D00B27CB2;
					};
					29E66467258F7CAB00B27CB2 = {
						CreatedOnToolsVersion = 12.2;
						TestTargetID = 29E6644B258F7C9D00B27CB2;
					};
				};
			};
			buildConfigurationList = 29E66447258F7C9D00B27CB2 /* Build configuration list for PBXProject "swiftUiCase" */;
			compatibilityVersion = "Xcode 9.3";
			developmentRegion = en;
			hasScannedForEncodings = 0;
			knownRegions = (
				en,
				Base,
			);
			mainGroup = 29E66443258F7C9D00B27CB2;
			productRefGroup = 29E6644D258F7C9D00B27CB2 /* Products */;
			projectDirPath = "";
			projectRoot = "";
			targets = (
				29E6644B258F7C9D00B27CB2 /* swiftUiCase */,
				29E6645C258F7CAB00B27CB2 /* swiftUiCaseTests */,
				29E66467258F7CAB00B27CB2 /* swiftUiCaseUITests */,
			);
		};
/* End PBXProject section */

/* Begin PBXResourcesBuildPhase section */
		29E6644A258F7C9D00B27CB2 /* Resources */ = {
			isa = PBXResourcesBuildPhase;
			buildActionMask = 2147483647;
			files = (
				29E66457258F7CA900B27CB2 /* Preview Assets.xcassets in Resources */,
				29E66454258F7CA900B27CB2 /* Assets.xcassets in Resources */,
			);
			runOnlyForDeploymentPostprocessing = 0;
		};
		29E6645B258F7CAB00B27CB2 /* Resources */ = {
			isa = PBXResourcesBuildPhase;
			buildActionMask = 2147483647;
			files = (
			);
			runOnlyForDeploymentPostprocessing = 0;
		};
		29E66466258F7CAB00B27CB2 /* Resources */ = {
			isa = PBXResourcesBuildPhase;
			buildActionMask = 2147483647;
			files = (
			);
			runOnlyForDeploymentPostprocessing = 0;
		};
/* End PBXResourcesBuildPhase section */

/* Begin PBXSourcesBuildPhase section */
		29E66448258F7C9D00B27CB2 /* Sources */ = {
			isa = PBXSourcesBuildPhase;
			buildActionMask = 2147483647;
			files = (
				29E66452258F7C9E00B27CB2 /* ContentView.swift in Sources */,
				29E66450258F7C9E00B27CB2 /* swiftUiCaseApp.swift in Sources */,
			);
			runOnlyForDeploymentPostprocessing = 0;
		};
		29E66459258F7CAB00B27CB2 /* Sources */ = {
			isa = PBXSourcesBuildPhase;
			buildActionMask = 2147483647;
			files = (
				29E66462258F7CAB00B27CB2 /* swiftUiCaseTests.swift in Sources */,
			);
			runOnlyForDeploymentPostprocessing = 0;
		};
		29E66464258F7CAB00B27CB2 /* Sources */ = {
			isa = PBXSourcesBuildPhase;
			buildActionMask = 2147483647;
			files = (
				29E6646D258F7CAB00B27CB2 /* swiftUiCaseUITests.swift in Sources */,
			);
			runOnlyForDeploymentPostprocessing = 0;
		};
/* End PBXSourcesBuildPhase section */

/* Begin PBXTargetDependency section */
		29E6645F258F7CAB00B27CB2 /* PBXTargetDependency */ = {
			isa = PBXTargetDependency;
			target = 29E6644B258F7C9D00B27CB2 /* swiftUiCase */;
			targetProxy = 29E6645E258F7CAB00B27CB2 /* PBXContainerItemProxy */;
		};
		29E6646A258F7CAB00B27CB2 /* PBXTargetDependency */ = {
			isa = PBXTargetDependency;
			target = 29E6644B258F7C9D00B27CB2 /* swiftUiCase */;
			targetProxy = 29E66469258F7CAB00B27CB2 /* PBXContainerItemProxy */;
		};
/* End PBXTargetDependency section */

/* Begin XCBuildConfiguration section */
		29E6646F258F7CAB00B27CB2 /* Debug */ = {
			isa = XCBuildConfiguration;
			buildSettings = {
				ALWAYS_SEARCH_USER_PATHS = NO;
				CLANG_ANALYZER_NONNULL = YES;
				CLANG_ANALYZER_NUMBER_OBJECT_CONVERSION = YES_AGGRESSIVE;
				CLANG_CXX_LANGUAGE_STANDARD = "gnu++14";
				CLANG_CXX_LIBRARY = "libc++";
				CLANG_ENABLE_MODULES = YES;
				CLANG_ENABLE_OBJC_ARC = YES;
				CLANG_ENABLE_OBJC_WEAK = YES;
				CLANG_WARN_BLOCK_CAPTURE_AUTORELEASING = YES;
				CLANG_WARN_BOOL_CONVERSION = YES;
				CLANG_WARN_COMMA = YES;
				CLANG_WARN_CONSTANT_CONVERSION = YES;
				CLANG_WARN_DEPRECATED_OBJC_IMPLEMENTATIONS = YES;
				CLANG_WARN_DIRECT_OBJC_ISA_USAGE = YES_ERROR;
				CLANG_WARN_DOCUMENTATION_COMMENTS = YES;
				CLANG_WARN_EMPTY_BODY = YES;
				CLANG_WARN_ENUM_CONVERSION = YES;
				CLANG_WARN_INFINITE_RECURSION = YES;
				CLANG_WARN_INT_CONVERSION = YES;
				CLANG_WARN_NON_LITERAL_NULL_CONVERSION = YES;
				CLANG_WARN_OBJC_IMPLICIT_RETAIN_SELF = YES;
				CLANG_WARN_OBJC_LITERAL_CONVERSION = YES;
				CLANG_WARN_OBJC_ROOT_CLASS = YES_ERROR;
				CLANG_WARN_QUOTED_INCLUDE_IN_FRAMEWORK_HEADER = YES;
				CLANG_WARN_RANGE_LOOP_ANALYSIS = YES;
				CLANG_WARN_STRICT_PROTOTYPES = YES;
				CLANG_WARN_SUSPICIOUS_MOVE = YES;
				CLANG_WARN_UNGUARDED_AVAILABILITY = YES_AGGRESSIVE;
				CLANG_WARN_UNREACHABLE_CODE = YES;
				CLANG_WARN__DUPLICATE_METHOD_MATCH = YES;
				COPY_PHASE_STRIP = NO;
				DEBUG_INFORMATION_FORMAT = dwarf;
				ENABLE_STRICT_OBJC_MSGSEND = YES;
				ENABLE_TESTABILITY = YES;
				GCC_C_LANGUAGE_STANDARD = gnu11;
				GCC_DYNAMIC_NO_PIC = NO;
				GCC_NO_COMMON_BLOCKS = YES;
				GCC_OPTIMIZATION_LEVEL = 0;
				GCC_PREPROCESSOR_DEFINITIONS = (
					"DEBUG=1",
					"$(inherited)",
				);
				GCC_WARN_64_TO_32_BIT_CONVERSION = YES;
				GCC_WARN_ABOUT_RETURN_TYPE = YES_ERROR;
				GCC_WARN_UNDECLARED_SELECTOR = YES;
				GCC_WARN_UNINITIALIZED_AUTOS = YES_AGGRESSIVE;
				GCC_WARN_UNUSED_FUNCTION = YES;
				GCC_WARN_UNUSED_VARIABLE = YES;
				IPHONEOS_DEPLOYMENT_TARGET = 14.2;
				MTL_ENABLE_DEBUG_INFO = INCLUDE_SOURCE;
				MTL_FAST_MATH = YES;
				ONLY_ACTIVE_ARCH = YES;
				SDKROOT = iphoneos;
				SWIFT_ACTIVE_COMPILATION_CONDITIONS = DEBUG;
				SWIFT_OPTIMIZATION_LEVEL = "-Onone";
			};
			name = Debug;
		};
		29E66470258F7CAB00B27CB2 /* Release */ = {
			isa = XCBuildConfiguration;
			buildSettings = {
				ALWAYS_SEARCH_USER_PATHS = NO;
				CLANG_ANALYZER_NONNULL = YES;
				CLANG_ANALYZER_NUMBER_OBJECT_CONVERSION = YES_AGGRESSIVE;
				CLANG_CXX_LANGUAGE_STANDARD = "gnu++14";
				CLANG_CXX_LIBRARY = "libc++";
				CLANG_ENABLE_MODULES = YES;
				CLANG_ENABLE_OBJC_ARC = YES;
				CLANG_ENABLE_OBJC_WEAK = YES;
				CLANG_WARN_BLOCK_CAPTURE_AUTORELEASING = YES;
				CLANG_WARN_BOOL_CONVERSION = YES;
				CLANG_WARN_COMMA = YES;
				CLANG_WARN_CONSTANT_CONVERSION = YES;
				CLANG_WARN_DEPRECATED_OBJC_IMPLEMENTATIONS = YES;
				CLANG_WARN_DIRECT_OBJC_ISA_USAGE = YES_ERROR;
				CLANG_WARN_DOCUMENTATION_COMMENTS = YES;
				CLANG_WARN_EMPTY_BODY = YES;
				CLANG_WARN_ENUM_CONVERSION = YES;
				CLANG_WARN_INFINITE_RECURSION = YES;
				CLANG_WARN_INT_CONVERSION = YES;
				CLANG_WARN_NON_LITERAL_NULL_CONVERSION = YES;
				CLANG_WARN_OBJC_IMPLICIT_RETAIN_SELF = YES;
				CLANG_WARN_OBJC_LITERAL_CONVERSION = YES;
				CLANG_WARN_OBJC_ROOT_CLASS = YES_ERROR;
				CLANG_WARN_QUOTED_INCLUDE_IN_FRAMEWORK_HEADER = YES;
				CLANG_WARN_RANGE_LOOP_ANALYSIS = YES;
				CLANG_WARN_STRICT_PROTOTYPES = YES;
				CLANG_WARN_SUSPICIOUS_MOVE = YES;
				CLANG_WARN_UNGUARDED_AVAILABILITY = YES_AGGRESSIVE;
				CLANG_WARN_UNREACHABLE_CODE = YES;
				CLANG_WARN__DUPLICATE_METHOD_MATCH = YES;
				COPY_PHASE_STRIP = NO;
				DEBUG_INFORMATION_FORMAT = "dwarf-with-dsym";
				ENABLE_NS_ASSERTIONS = NO;
				ENABLE_STRICT_OBJC_MSGSEND = YES;
				GCC_C_LANGUAGE_STANDARD = gnu11;
				GCC_NO_COMMON_BLOCKS = YES;
				GCC_WARN_64_TO_32_BIT_CONVERSION = YES;
				GCC_WARN_ABOUT_RETURN_TYPE = YES_ERROR;
				GCC_WARN_UNDECLARED_SELECTOR = YES;
				GCC_WARN_UNINITIALIZED_AUTOS = YES_AGGRESSIVE;
				GCC_WARN_UNUSED_FUNCTION = YES;
				GCC_WARN_UNUSED_VARIABLE = YES;
				IPHONEOS_DEPLOYMENT_TARGET = 14.2;
				MTL_ENABLE_DEBUG_INFO = NO;
				MTL_FAST_MATH = YES;
				SDKROOT = iphoneos;
				SWIFT_COMPILATION_MODE = wholemodule;
				SWIFT_OPTIMIZATION_LEVEL = "-O";
				VALIDATE_PRODUCT = YES;
			};
			name = Release;
		};
		29E66472258F7CAB00B27CB2 /* Debug */ = {
			isa = XCBuildConfiguration;
			buildSettings = {
				ASSETCATALOG_COMPILER_APPICON_NAME = AppIcon;
				ASSETCATALOG_COMPILER_GLOBAL_ACCENT_COLOR_NAME = AccentColor;
				CODE_SIGN_STYLE = Automatic;
				DEVELOPMENT_ASSET_PATHS = "\"swiftUiCase/Preview Content\"";
				ENABLE_PREVIEWS = YES;
				INFOPLIST_FILE = swiftUiCase/Info.plist;
				IPHONEOS_DEPLOYMENT_TARGET = 14.0;
				LD_RUNPATH_SEARCH_PATHS = (
					"$(inherited)",
					"@executable_path/Frameworks",
				);
				PRODUCT_BUNDLE_IDENTIFIER = nmm.swiftUiCase;
				PRODUCT_NAME = "$(TARGET_NAME)";
				SWIFT_VERSION = 5.0;
				TARGETED_DEVICE_FAMILY = "1,2";
			};
			name = Debug;
		};
		29E66473258F7CAB00B27CB2 /* Release */ = {
			isa = XCBuildConfiguration;
			buildSettings = {
				ASSETCATALOG_COMPILER_APPICON_NAME = AppIcon;
				ASSETCATALOG_COMPILER_GLOBAL_ACCENT_COLOR_NAME = AccentColor;
				CODE_SIGN_STYLE = Automatic;
				DEVELOPMENT_ASSET_PATHS = "\"swiftUiCase/Preview Content\"";
				ENABLE_PREVIEWS = YES;
				INFOPLIST_FILE = swiftUiCase/Info.plist;
				IPHONEOS_DEPLOYMENT_TARGET = 14.0;
				LD_RUNPATH_SEARCH_PATHS = (
					"$(inherited)",
					"@executable_path/Frameworks",
				);
				PRODUCT_BUNDLE_IDENTIFIER = nmm.swiftUiCase;
				PRODUCT_NAME = "$(TARGET_NAME)";
				SWIFT_VERSION = 5.0;
				TARGETED_DEVICE_FAMILY = "1,2";
			};
			name = Release;
		};
		29E66475258F7CAB00B27CB2 /* Debug */ = {
			isa = XCBuildConfiguration;
			buildSettings = {
				ALWAYS_EMBED_SWIFT_STANDARD_LIBRARIES = YES;
				BUNDLE_LOADER = "$(TEST_HOST)";
				CODE_SIGN_STYLE = Automatic;
				INFOPLIST_FILE = swiftUiCaseTests/Info.plist;
				IPHONEOS_DEPLOYMENT_TARGET = 14.0;
				LD_RUNPATH_SEARCH_PATHS = (
					"$(inherited)",
					"@executable_path/Frameworks",
					"@loader_path/Frameworks",
				);
				PRODUCT_BUNDLE_IDENTIFIER = nmm.swiftUiCaseTests;
				PRODUCT_NAME = "$(TARGET_NAME)";
				SWIFT_VERSION = 5.0;
				TARGETED_DEVICE_FAMILY = "1,2";
				TEST_HOST = "$(BUILT_PRODUCTS_DIR)/swiftUiCase.app/swiftUiCase";
			};
			name = Debug;
		};
		29E66476258F7CAB00B27CB2 /* Release */ = {
			isa = XCBuildConfiguration;
			buildSettings = {
				ALWAYS_EMBED_SWIFT_STANDARD_LIBRARIES = YES;
				BUNDLE_LOADER = "$(TEST_HOST)";
				CODE_SIGN_STYLE = Automatic;
				INFOPLIST_FILE = swiftUiCaseTests/Info.plist;
				IPHONEOS_DEPLOYMENT_TARGET = 14.0;
				LD_RUNPATH_SEARCH_PATHS = (
					"$(inherited)",
					"@executable_path/Frameworks",
					"@loader_path/Frameworks",
				);
				PRODUCT_BUNDLE_IDENTIFIER = nmm.swiftUiCaseTests;
				PRODUCT_NAME = "$(TARGET_NAME)";
				SWIFT_VERSION = 5.0;
				TARGETED_DEVICE_FAMILY = "1,2";
				TEST_HOST = "$(BUILT_PRODUCTS_DIR)/swiftUiCase.app/swiftUiCase";
			};
			name = Release;
		};
		29E66478258F7CAB00B27CB2 /* Debug */ = {
			isa = XCBuildConfiguration;
			buildSettings = {
				ALWAYS_EMBED_SWIFT_STANDARD_LIBRARIES = YES;
				CODE_SIGN_STYLE = Automatic;
				INFOPLIST_FILE = swiftUiCaseUITests/Info.plist;
				LD_RUNPATH_SEARCH_PATHS = (
					"$(inherited)",
					"@executable_path/Frameworks",
					"@loader_path/Frameworks",
				);
				PRODUCT_BUNDLE_IDENTIFIER = nmm.swiftUiCaseUITests;
				PRODUCT_NAME = "$(TARGET_NAME)";
				SWIFT_VERSION = 5.0;
				TARGETED_DEVICE_FAMILY = "1,2";
				TEST_TARGET_NAME = swiftUiCase;
			};
			name = Debug;
		};
		29E66479258F7CAB00B27CB2 /* Release */ = {
			isa = XCBuildConfiguration;
			buildSettings = {
				ALWAYS_EMBED_SWIFT_STANDARD_LIBRARIES = YES;
				CODE_SIGN_STYLE = Automatic;
				INFOPLIST_FILE = swiftUiCaseUITests/Info.plist;
				LD_RUNPATH_SEARCH_PATHS = (
					"$(inherited)",
					"@executable_path/Frameworks",
					"@loader_path/Frameworks",
				);
				PRODUCT_BUNDLE_IDENTIFIER = nmm.swiftUiCaseUITests;
				PRODUCT_NAME = "$(TARGET_NAME)";
				SWIFT_VERSION = 5.0;
				TARGETED_DEVICE_FAMILY = "1,2";
				TEST_TARGET_NAME = swiftUiCase;
			};
			name = Release;
		};
/* End XCBuildConfiguration section */

/* Begin XCConfigurationList section */
		29E66447258F7C9D00B27CB2 /* Build configuration list for PBXProject "swiftUiCase" */ = {
			isa = XCConfigurationList;
			buildConfigurations = (
				29E6646F258F7CAB00B27CB2 /* Debug */,
				29E66470258F7CAB00B27CB2 /* Release */,
			);
			defaultConfigurationIsVisible = 0;
			defaultConfigurationName = Release;
		};
		29E66471258F7CAB00B27CB2 /* Build configuration list for PBXNativeTarget "swiftUiCase" */ = {
			isa = XCConfigurationList;
			buildConfigurations = (
				29E66472258F7CAB00B27CB2 /* Debug */,
				29E66473258F7CAB00B27CB2 /* Release */,
			);
			defaultConfigurationIsVisible = 0;
			defaultConfigurationName = Release;
		};
		29E66474258F7CAB00B27CB2 /* Build configuration list for PBXNativeTarget "swiftUiCaseTests" */ = {
			isa = XCConfigurationList;
			buildConfigurations = (
				29E66475258F7CAB00B27CB2 /* Debug */,
				29E66476258F7CAB00B27CB2 /* Release */,
			);
			defaultConfigurationIsVisible = 0;
			defaultConfigurationName = Release;
		};
		29E66477258F7CAB00B27CB2 /* Build configuration list for PBXNativeTarget "swiftUiCaseUITests" */ = {
			isa = XCConfigurationList;
			buildConfigurations = (
				29E66478258F7CAB00B27CB2 /* Debug */,
				29E66479258F7CAB00B27CB2 /* Release */,
			);
			defaultConfigurationIsVisible = 0;
			defaultConfigurationName = Release;
		};
/* End XCConfigurationList section */
	};
	rootObject = 29E66444258F7C9D00B27CB2 /* Project object */;
}
