// !$*UTF8*$!
{
	archiveVersion = 1;
	classes = {
	};
	objectVersion = 50;
	objects = {

/* Begin PBXBuildFile section */
		07369A8225A2B0EF0038FFF7 /* NextView.swift in Sources */ = {isa = PBXBuildFile; fileRef = 07369A8125A2B0EF0038FFF7 /* NextView.swift */; };
		07369A8625A2B9DB0038FFF7 /* JbbDefine.swift in Sources */ = {isa = PBXBuildFile; fileRef = 07369A8525A2B9DB0038FFF7 /* JbbDefine.swift */; };
		07369B4525A2F7A20038FFF7 /* NextView1.swift in Sources */ = {isa = PBXBuildFile; fileRef = 07369B4425A2F7A20038FFF7 /* NextView1.swift */; };
		07369B4825A2F7BB0038FFF7 /* NextView2.swift in Sources */ = {isa = PBXBuildFile; fileRef = 07369B4725A2F7BB0038FFF7 /* NextView2.swift */; };
		07606CDD259D9799003B76E7 /* RingView.swift in Sources */ = {isa = PBXBuildFile; fileRef = 07606CDC259D9799003B76E7 /* RingView.swift */; };
		077A22A5259C21C00017F9AA /* batteryService.swift in Sources */ = {isa = PBXBuildFile; fileRef = 077A22A4259C21C00017F9AA /* batteryService.swift */; };
		07B825D525904E9F0060A6CA /* AppDelegate.swift in Sources */ = {isa = PBXBuildFile; fileRef = 07B825D425904E9F0060A6CA /* AppDelegate.swift */; };
		07B825D725904E9F0060A6CA /* SceneDelegate.swift in Sources */ = {isa = PBXBuildFile; fileRef = 07B825D625904E9F0060A6CA /* SceneDelegate.swift */; };
		07B825D925904E9F0060A6CA /* ContentView.swift in Sources */ = {isa = PBXBuildFile; fileRef = 07B825D825904E9F0060A6CA /* ContentView.swift */; };
		07B825DB25904EA20060A6CA /* Assets.xcassets in Resources */ = {isa = PBXBuildFile; fileRef = 07B825DA25904EA20060A6CA /* Assets.xcassets */; };
		07B825DE25904EA20060A6CA /* Preview Assets.xcassets in Resources */ = {isa = PBXBuildFile; fileRef = 07B825DD25904EA20060A6CA /* Preview Assets.xcassets */; };
		07B825E125904EA20060A6CA /* LaunchScreen.storyboard in Resources */ = {isa = PBXBuildFile; fileRef = 07B825DF25904EA20060A6CA /* LaunchScreen.storyboard */; };
/* End PBXBuildFile section */

/* Begin PBXFileReference section */
		07369A8125A2B0EF0038FFF7 /* NextView.swift */ = {isa = PBXFileReference; lastKnownFileType = sourcecode.swift; path = NextView.swift; sourceTree = "<group>"; };
		07369A8525A2B9DB0038FFF7 /* JbbDefine.swift */ = {isa = PBXFileReference; fileEncoding = 4; lastKnownFileType = sourcecode.swift; path = JbbDefine.swift; sourceTree = "<group>"; };
		07369B4425A2F7A20038FFF7 /* NextView1.swift */ = {isa = PBXFileReference; lastKnownFileType = sourcecode.swift; path = NextView1.swift; sourceTree = "<group>"; };
		07369B4725A2F7BB0038FFF7 /* NextView2.swift */ = {isa = PBXFileReference; lastKnownFileType = sourcecode.swift; path = NextView2.swift; sourceTree = "<group>"; };
		07606CDC259D9799003B76E7 /* RingView.swift */ = {isa = PBXFileReference; lastKnownFileType = sourcecode.swift; path = RingView.swift; sourceTree = "<group>"; };
		077A22A4259C21C00017F9AA /* batteryService.swift */ = {isa = PBXFileReference; lastKnownFileType = sourcecode.swift; path = batteryService.swift; sourceTree = "<group>"; };
		07B825D125904E9F0060A6CA /* SwiftUIBatteryState.app */ = {isa = PBXFileReference; explicitFileType = wrapper.application; includeInIndex = 0; path = SwiftUIBatteryState.app; sourceTree = BUILT_PRODUCTS_DIR; };
		07B825D425904E9F0060A6CA /* AppDelegate.swift */ = {isa = PBXFileReference; lastKnownFileType = sourcecode.swift; path = AppDelegate.swift; sourceTree = "<group>"; };
		07B825D625904E9F0060A6CA /* SceneDelegate.swift */ = {isa = PBXFileReference; lastKnownFileType = sourcecode.swift; path = SceneDelegate.swift; sourceTree = "<group>"; };
		07B825D825904E9F0060A6CA /* ContentView.swift */ = {isa = PBXFileReference; lastKnownFileType = sourcecode.swift; path = ContentView.swift; sourceTree = "<group>"; };
		07B825DA25904EA20060A6CA /* Assets.xcassets */ = {isa = PBXFileReference; lastKnownFileType = folder.assetcatalog; path = Assets.xcassets; sourceTree = "<group>"; };
		07B825DD25904EA20060A6CA /* Preview Assets.xcassets */ = {isa = PBXFileReference; lastKnownFileType = folder.assetcatalog; path = "Preview Assets.xcassets"; sourceTree = "<group>"; };
		07B825E025904EA20060A6CA /* Base */ = {isa = PBXFileReference; lastKnownFileType = file.storyboard; name = Base; path = Base.lproj/LaunchScreen.storyboard; sourceTree = "<group>"; };
		07B825E225904EA20060A6CA /* Info.plist */ = {isa = PBXFileReference; lastKnownFileType = text.plist.xml; path = Info.plist; sourceTree = "<group>"; };
/* End PBXFileReference section */

/* Begin PBXFrameworksBuildPhase section */
		07B825CE25904E9F0060A6CA /* Frameworks */ = {
			isa = PBXFrameworksBuildPhase;
			buildActionMask = 2147483647;
			files = (
			);
			runOnlyForDeploymentPostprocessing = 0;
		};
/* End PBXFrameworksBuildPhase section */

/* Begin PBXGroup section */
		07B825C825904E9F0060A6CA = {
			isa = PBXGroup;
			children = (
				07B825D325904E9F0060A6CA /* SwiftUIBatteryState */,
				07B825D225904E9F0060A6CA /* Products */,
			);
			sourceTree = "<group>";
		};
		07B825D225904E9F0060A6CA /* Products */ = {
			isa = PBXGroup;
			children = (
				07B825D125904E9F0060A6CA /* SwiftUIBatteryState.app */,
			);
			name = Products;
			sourceTree = "<group>";
		};
		07B825D325904E9F0060A6CA /* SwiftUIBatteryState */ = {
			isa = PBXGroup;
			children = (
				07369A8525A2B9DB0038FFF7 /* JbbDefine.swift */,
				07B825D425904E9F0060A6CA /* AppDelegate.swift */,
				07B825D625904E9F0060A6CA /* SceneDelegate.swift */,
				07B825D825904E9F0060A6CA /* ContentView.swift */,
				077A22A4259C21C00017F9AA /* batteryService.swift */,
				07606CDC259D9799003B76E7 /* RingView.swift */,
				07369A8125A2B0EF0038FFF7 /* NextView.swift */,
				07369B4425A2F7A20038FFF7 /* NextView1.swift */,
				07369B4725A2F7BB0038FFF7 /* NextView2.swift */,
				07B825DA25904EA20060A6CA /* Assets.xcassets */,
				07B825DF25904EA20060A6CA /* LaunchScreen.storyboard */,
				07B825E225904EA20060A6CA /* Info.plist */,
				07B825DC25904EA20060A6CA /* Preview Content */,
			);
			path = SwiftUIBatteryState;
			sourceTree = "<group>";
		};
		07B825DC25904EA20060A6CA /* Preview Content */ = {
			isa = PBXGroup;
			children = (
				07B825DD25904EA20060A6CA /* Preview Assets.xcassets */,
			);
			path = "Preview Content";
			sourceTree = "<group>";
		};
/* End PBXGroup section */

/* Begin PBXNativeTarget section */
		07B825D025904E9F0060A6CA /* SwiftUIBatteryState */ = {
			isa = PBXNativeTarget;
			buildConfigurationList = 07B825E525904EA20060A6CA /* Build configuration list for PBXNativeTarget "SwiftUIBatteryState" */;
			buildPhases = (
				07B825CD25904E9F0060A6CA /* Sources */,
				07B825CE25904E9F0060A6CA /* Frameworks */,
				07B825CF25904E9F0060A6CA /* Resources */,
			);
			buildRules = (
			);
			dependencies = (
			);
			name = SwiftUIBatteryState;
			productName = SwiftUIBatteryState;
			productReference = 07B825D125904E9F0060A6CA /* SwiftUIBatteryState.app */;
			productType = "com.apple.product-type.application";
		};
/* End PBXNativeTarget section */

/* Begin PBXProject section */
		07B825C925904E9F0060A6CA /* Project object */ = {
			isa = PBXProject;
			attributes = {
				LastSwiftUpdateCheck = 1230;
				LastUpgradeCheck = 1230;
				TargetAttributes = {
					07B825D025904E9F0060A6CA = {
						CreatedOnToolsVersion = 12.3;
					};
				};
			};
			buildConfigurationList = 07B825CC25904E9F0060A6CA /* Build configuration list for PBXProject "SwiftUIBatteryState" */;
			compatibilityVersion = "Xcode 9.3";
			developmentRegion = en;
			hasScannedForEncodings = 0;
			knownRegions = (
				en,
				Base,
			);
			mainGroup = 07B825C825904E9F0060A6CA;
			productRefGroup = 07B825D225904E9F0060A6CA /* Products */;
			projectDirPath = "";
			projectRoot = "";
			targets = (
				07B825D025904E9F0060A6CA /* SwiftUIBatteryState */,
			);
		};
/* End PBXProject section */

/* Begin PBXResourcesBuildPhase section */
		07B825CF25904E9F0060A6CA /* Resources */ = {
			isa = PBXResourcesBuildPhase;
			buildActionMask = 2147483647;
			files = (
				07B825E125904EA20060A6CA /* LaunchScreen.storyboard in Resources */,
				07B825DE25904EA20060A6CA /* Preview Assets.xcassets in Resources */,
				07B825DB25904EA20060A6CA /* Assets.xcassets in Resources */,
			);
			runOnlyForDeploymentPostprocessing = 0;
		};
/* End PBXResourcesBuildPhase section */

/* Begin PBXSourcesBuildPhase section */
		07B825CD25904E9F0060A6CA /* Sources */ = {
			isa = PBXSourcesBuildPhase;
			buildActionMask = 2147483647;
			files = (
				07369A8625A2B9DB0038FFF7 /* JbbDefine.swift in Sources */,
				07606CDD259D9799003B76E7 /* RingView.swift in Sources */,
				07B825D525904E9F0060A6CA /* AppDelegate.swift in Sources */,
				07B825D725904E9F0060A6CA /* SceneDelegate.swift in Sources */,
				07B825D925904E9F0060A6CA /* ContentView.swift in Sources */,
				07369B4525A2F7A20038FFF7 /* NextView1.swift in Sources */,
				077A22A5259C21C00017F9AA /* batteryService.swift in Sources */,
				07369A8225A2B0EF0038FFF7 /* NextView.swift in Sources */,
				07369B4825A2F7BB0038FFF7 /* NextView2.swift in Sources */,
			);
			runOnlyForDeploymentPostprocessing = 0;
		};
/* End PBXSourcesBuildPhase section */

/* Begin PBXVariantGroup section */
		07B825DF25904EA20060A6CA /* LaunchScreen.storyboard */ = {
			isa = PBXVariantGroup;
			children = (
				07B825E025904EA20060A6CA /* Base */,
			);
			name = LaunchScreen.storyboard;
			sourceTree = "<group>";
		};
/* End PBXVariantGroup section */

/* Begin XCBuildConfiguration section */
		07B825E325904EA20060A6CA /* Debug */ = {
			isa = XCBuildConfiguration;
			buildSettings = {
				ALWAYS_SEARCH_USER_PATHS = NO;
				CLANG_ANALYZER_NONNULL = YES;
				CLANG_ANALYZER_NUMBER_OBJECT_CONVERSION = YES_AGGRESSIVE;
				CLANG_CXX_LANGUAGE_STANDARD = "gnu++14";
				CLANG_CXX_LIBRARY = "libc++";
				CLANG_ENABLE_MODULES = YES;
				CLANG_ENABLE_OBJC_ARC = YES;
				CLANG_ENABLE_OBJC_WEAK = YES;
				CLANG_WARN_BLOCK_CAPTURE_AUTORELEASING = YES;
				CLANG_WARN_BOOL_CONVERSION = YES;
				CLANG_WARN_COMMA = YES;
				CLANG_WARN_CONSTANT_CONVERSION = YES;
				CLANG_WARN_DEPRECATED_OBJC_IMPLEMENTATIONS = YES;
				CLANG_WARN_DIRECT_OBJC_ISA_USAGE = YES_ERROR;
				CLANG_WARN_DOCUMENTATION_COMMENTS = YES;
				CLANG_WARN_EMPTY_BODY = YES;
				CLANG_WARN_ENUM_CONVERSION = YES;
				CLANG_WARN_INFINITE_RECURSION = YES;
				CLANG_WARN_INT_CONVERSION = YES;
				CLANG_WARN_NON_LITERAL_NULL_CONVERSION = YES;
				CLANG_WARN_OBJC_IMPLICIT_RETAIN_SELF = YES;
				CLANG_WARN_OBJC_LITERAL_CONVERSION = YES;
				CLANG_WARN_OBJC_ROOT_CLASS = YES_ERROR;
				CLANG_WARN_QUOTED_INCLUDE_IN_FRAMEWORK_HEADER = YES;
				CLANG_WARN_RANGE_LOOP_ANALYSIS = YES;
				CLANG_WARN_STRICT_PROTOTYPES = YES;
				CLANG_WARN_SUSPICIOUS_MOVE = YES;
				CLANG_WARN_UNGUARDED_AVAILABILITY = YES_AGGRESSIVE;
				CLANG_WARN_UNREACHABLE_CODE = YES;
				CLANG_WARN__DUPLICATE_METHOD_MATCH = YES;
				COPY_PHASE_STRIP = NO;
				DEBUG_INFORMATION_FORMAT = dwarf;
				ENABLE_STRICT_OBJC_MSGSEND = YES;
				ENABLE_TESTABILITY = YES;
				GCC_C_LANGUAGE_STANDARD = gnu11;
				GCC_DYNAMIC_NO_PIC = NO;
				GCC_NO_COMMON_BLOCKS = YES;
				GCC_OPTIMIZATION_LEVEL = 0;
				GCC_PREPROCESSOR_DEFINITIONS = (
					"DEBUG=1",
					"$(inherited)",
				);
				GCC_WARN_64_TO_32_BIT_CONVERSION = YES;
				GCC_WARN_ABOUT_RETURN_TYPE = YES_ERROR;
				GCC_WARN_UNDECLARED_SELECTOR = YES;
				GCC_WARN_UNINITIALIZED_AUTOS = YES_AGGRESSIVE;
				GCC_WARN_UNUSED_FUNCTION = YES;
				GCC_WARN_UNUSED_VARIABLE = YES;
				IPHONEOS_DEPLOYMENT_TARGET = 14.0;
				MTL_ENABLE_DEBUG_INFO = INCLUDE_SOURCE;
				MTL_FAST_MATH = YES;
				ONLY_ACTIVE_ARCH = YES;
				SDKROOT = iphoneos;
				SWIFT_ACTIVE_COMPILATION_CONDITIONS = DEBUG;
				SWIFT_OPTIMIZATION_LEVEL = "-Onone";
			};
			name = Debug;
		};
		07B825E425904EA20060A6CA /* Release */ = {
			isa = XCBuildConfiguration;
			buildSettings = {
				ALWAYS_SEARCH_USER_PATHS = NO;
				CLANG_ANALYZER_NONNULL = YES;
				CLANG_ANALYZER_NUMBER_OBJECT_CONVERSION = YES_AGGRESSIVE;
				CLANG_CXX_LANGUAGE_STANDARD = "gnu++14";
				CLANG_CXX_LIBRARY = "libc++";
				CLANG_ENABLE_MODULES = YES;
				CLANG_ENABLE_OBJC_ARC = YES;
				CLANG_ENABLE_OBJC_WEAK = YES;
				CLANG_WARN_BLOCK_CAPTURE_AUTORELEASING = YES;
				CLANG_WARN_BOOL_CONVERSION = YES;
				CLANG_WARN_COMMA = YES;
				CLANG_WARN_CONSTANT_CONVERSION = YES;
				CLANG_WARN_DEPRECATED_OBJC_IMPLEMENTATIONS = YES;
				CLANG_WARN_DIRECT_OBJC_ISA_USAGE = YES_ERROR;
				CLANG_WARN_DOCUMENTATION_COMMENTS = YES;
				CLANG_WARN_EMPTY_BODY = YES;
				CLANG_WARN_ENUM_CONVERSION = YES;
				CLANG_WARN_INFINITE_RECURSION = YES;
				CLANG_WARN_INT_CONVERSION = YES;
				CLANG_WARN_NON_LITERAL_NULL_CONVERSION = YES;
				CLANG_WARN_OBJC_IMPLICIT_RETAIN_SELF = YES;
				CLANG_WARN_OBJC_LITERAL_CONVERSION = YES;
				CLANG_WARN_OBJC_ROOT_CLASS = YES_ERROR;
				CLANG_WARN_QUOTED_INCLUDE_IN_FRAMEWORK_HEADER = YES;
				CLANG_WARN_RANGE_LOOP_ANALYSIS = YES;
				CLANG_WARN_STRICT_PROTOTYPES = YES;
				CLANG_WARN_SUSPICIOUS_MOVE = YES;
				CLANG_WARN_UNGUARDED_AVAILABILITY = YES_AGGRESSIVE;
				CLANG_WARN_UNREACHABLE_CODE = YES;
				CLANG_WARN__DUPLICATE_METHOD_MATCH = YES;
				COPY_PHASE_STRIP = NO;
				DEBUG_INFORMATION_FORMAT = "dwarf-with-dsym";
				ENABLE_NS_ASSERTIONS = NO;
				ENABLE_STRICT_OBJC_MSGSEND = YES;
				GCC_C_LANGUAGE_STANDARD = gnu11;
				GCC_NO_COMMON_BLOCKS = YES;
				GCC_WARN_64_TO_32_BIT_CONVERSION = YES;
				GCC_WARN_ABOUT_RETURN_TYPE = YES_ERROR;
				GCC_WARN_UNDECLARED_SELECTOR = YES;
				GCC_WARN_UNINITIALIZED_AUTOS = YES_AGGRESSIVE;
				GCC_WARN_UNUSED_FUNCTION = YES;
				GCC_WARN_UNUSED_VARIABLE = YES;
				IPHONEOS_DEPLOYMENT_TARGET = 14.0;
				MTL_ENABLE_DEBUG_INFO = NO;
				MTL_FAST_MATH = YES;
				SDKROOT = iphoneos;
				SWIFT_COMPILATION_MODE = wholemodule;
				SWIFT_OPTIMIZATION_LEVEL = "-O";
				VALIDATE_PRODUCT = YES;
			};
			name = Release;
		};
		07B825E625904EA20060A6CA /* Debug */ = {
			isa = XCBuildConfiguration;
			buildSettings = {
				ASSETCATALOG_COMPILER_APPICON_NAME = AppIcon;
				ASSETCATALOG_COMPILER_GLOBAL_ACCENT_COLOR_NAME = AccentColor;
				CODE_SIGN_STYLE = Automatic;
				DEVELOPMENT_ASSET_PATHS = "\"SwiftUIBatteryState/Preview Content\"";
				DEVELOPMENT_TEAM = F7YBM7MWE6;
				ENABLE_PREVIEWS = YES;
				INFOPLIST_FILE = SwiftUIBatteryState/Info.plist;
				IPHONEOS_DEPLOYMENT_TARGET = 14.0;
				LD_RUNPATH_SEARCH_PATHS = (
					"$(inherited)",
					"@executable_path/Frameworks",
				);
				PRODUCT_BUNDLE_IDENTIFIER = com.nova.SwiftUIBatteryState;
				PRODUCT_NAME = "$(TARGET_NAME)";
				SWIFT_VERSION = 5.0;
				TARGETED_DEVICE_FAMILY = "1,2";
			};
			name = Debug;
		};
		07B825E725904EA20060A6CA /* Release */ = {
			isa = XCBuildConfiguration;
			buildSettings = {
				ASSETCATALOG_COMPILER_APPICON_NAME = AppIcon;
				ASSETCATALOG_COMPILER_GLOBAL_ACCENT_COLOR_NAME = AccentColor;
				CODE_SIGN_STYLE = Automatic;
				DEVELOPMENT_ASSET_PATHS = "\"SwiftUIBatteryState/Preview Content\"";
				DEVELOPMENT_TEAM = F7YBM7MWE6;
				ENABLE_PREVIEWS = YES;
				INFOPLIST_FILE = SwiftUIBatteryState/Info.plist;
				IPHONEOS_DEPLOYMENT_TARGET = 14.0;
				LD_RUNPATH_SEARCH_PATHS = (
					"$(inherited)",
					"@executable_path/Frameworks",
				);
				PRODUCT_BUNDLE_IDENTIFIER = com.nova.SwiftUIBatteryState;
				PRODUCT_NAME = "$(TARGET_NAME)";
				SWIFT_VERSION = 5.0;
				TARGETED_DEVICE_FAMILY = "1,2";
			};
			name = Release;
		};
/* End XCBuildConfiguration section */

/* Begin XCConfigurationList section */
		07B825CC25904E9F0060A6CA /* Build configuration list for PBXProject "SwiftUIBatteryState" */ = {
			isa = XCConfigurationList;
			buildConfigurations = (
				07B825E325904EA20060A6CA /* Debug */,
				07B825E425904EA20060A6CA /* Release */,
			);
			defaultConfigurationIsVisible = 0;
			defaultConfigurationName = Release;
		};
		07B825E525904EA20060A6CA /* Build configuration list for PBXNativeTarget "SwiftUIBatteryState" */ = {
			isa = XCConfigurationList;
			buildConfigurations = (
				07B825E625904EA20060A6CA /* Debug */,
				07B825E725904EA20060A6CA /* Release */,
			);
			defaultConfigurationIsVisible = 0;
			defaultConfigurationName = Release;
		};
/* End XCConfigurationList section */
	};
	rootObject = 07B825C925904E9F0060A6CA /* Project object */;
}
